// !$*UTF8*$!
{
	archiveVersion = 1;
	classes = {
	};
	objectVersion = 48;
	objects = {

/* Begin PBXBuildFile section */
		5C5B1ABA1F9F1C29000DC2F4 /* Assets.xcassets in Resources */ = {isa = PBXBuildFile; fileRef = 5C5B1AB91F9F1C29000DC2F4 /* Assets.xcassets */; };
		5C5B1ABD1F9F1C29000DC2F4 /* LaunchScreen.storyboard in Resources */ = {isa = PBXBuildFile; fileRef = 5C5B1ABB1F9F1C29000DC2F4 /* LaunchScreen.storyboard */; };
		5C5B1AC01F9F1C29000DC2F4 /* main.m in Sources */ = {isa = PBXBuildFile; fileRef = 5C5B1ABF1F9F1C29000DC2F4 /* main.m */; };
		5C5B1ACA1F9F1C29000DC2F4 /* Masonry_TestTests.m in Sources */ = {isa = PBXBuildFile; fileRef = 5C5B1AC91F9F1C29000DC2F4 /* Masonry_TestTests.m */; };
		5C5B1AD51F9F1C29000DC2F4 /* Masonry_TestUITests.m in Sources */ = {isa = PBXBuildFile; fileRef = 5C5B1AD41F9F1C29000DC2F4 /* Masonry_TestUITests.m */; };
		5C5B1AE51F9F2850000DC2F4 /* MASAppDelegate.m in Sources */ = {isa = PBXBuildFile; fileRef = 5C5B1AE41F9F2850000DC2F4 /* MASAppDelegate.m */; };
		5C5B1AE91F9F2A26000DC2F4 /* MASExampleListViewController.m in Sources */ = {isa = PBXBuildFile; fileRef = 5C5B1AE81F9F2A26000DC2F4 /* MASExampleListViewController.m */; };
		5CE17B5A1FA185A6007596B6 /* ZLExampleViewController.m in Sources */ = {isa = PBXBuildFile; fileRef = 5CE17B591FA185A6007596B6 /* ZLExampleViewController.m */; };
		5CE17B5E1FA19442007596B6 /* ZLBasicView.m in Sources */ = {isa = PBXBuildFile; fileRef = 5CE17B5D1FA19442007596B6 /* ZLBasicView.m */; };
		5CE17B611FA1945D007596B6 /* ZLUpdateConstraintsView.m in Sources */ = {isa = PBXBuildFile; fileRef = 5CE17B601FA1945D007596B6 /* ZLUpdateConstraintsView.m */; };
		5CE17B641FA194EC007596B6 /* ZLRemakeConstraints.m in Sources */ = {isa = PBXBuildFile; fileRef = 5CE17B631FA194EC007596B6 /* ZLRemakeConstraints.m */; };
		5CE17B671FA194F6007596B6 /* ZLUsingConstants.m in Sources */ = {isa = PBXBuildFile; fileRef = 5CE17B661FA194F6007596B6 /* ZLUsingConstants.m */; };
		5CE17B6A1FA194FE007596B6 /* ZLCompositeEdges.m in Sources */ = {isa = PBXBuildFile; fileRef = 5CE17B691FA194FE007596B6 /* ZLCompositeEdges.m */; };
		5CE17B6D1FA19505007596B6 /* ZLAspectFit.m in Sources */ = {isa = PBXBuildFile; fileRef = 5CE17B6C1FA19505007596B6 /* ZLAspectFit.m */; };
		5CE17B701FA1950D007596B6 /* ZLBasicAnimated.m in Sources */ = {isa = PBXBuildFile; fileRef = 5CE17B6F1FA1950D007596B6 /* ZLBasicAnimated.m */; };
		5CE17B731FA19513007596B6 /* ZLDebuggingHelpers.m in Sources */ = {isa = PBXBuildFile; fileRef = 5CE17B721FA19513007596B6 /* ZLDebuggingHelpers.m */; };
		5CE17B761FA1951A007596B6 /* ZLBaconyLabels.m in Sources */ = {isa = PBXBuildFile; fileRef = 5CE17B751FA1951A007596B6 /* ZLBaconyLabels.m */; };
		5CE17B791FA19526007596B6 /* ZLUIScrollView.m in Sources */ = {isa = PBXBuildFile; fileRef = 5CE17B781FA19526007596B6 /* ZLUIScrollView.m */; };
		5CE17B7C1FA1955A007596B6 /* ZLArray.m in Sources */ = {isa = PBXBuildFile; fileRef = 5CE17B7B1FA1955A007596B6 /* ZLArray.m */; };
		5CE17B7F1FA19568007596B6 /* ZLAttributeChaining.m in Sources */ = {isa = PBXBuildFile; fileRef = 5CE17B7E1FA19568007596B6 /* ZLAttributeChaining.m */; };
		5CE17B821FA19570007596B6 /* ZLMargins.m in Sources */ = {isa = PBXBuildFile; fileRef = 5CE17B811FA19570007596B6 /* ZLMargins.m */; };
		5CE17B851FA19576007596B6 /* ZLViewsDistribute.m in Sources */ = {isa = PBXBuildFile; fileRef = 5CE17B841FA19576007596B6 /* ZLViewsDistribute.m */; };
		9848065344C17B306EDC11A9 /* libPods-Masonry-Test.a in Frameworks */ = {isa = PBXBuildFile; fileRef = F433093BBD5EAAB0656F0EE2 /* libPods-Masonry-Test.a */; };
/* End PBXBuildFile section */

/* Begin PBXContainerItemProxy section */
		5C5B1AC61F9F1C29000DC2F4 /* PBXContainerItemProxy */ = {
			isa = PBXContainerItemProxy;
			containerPortal = 5C5B1AA51F9F1C28000DC2F4 /* Project object */;
			proxyType = 1;
			remoteGlobalIDString = 5C5B1AAC1F9F1C29000DC2F4;
			remoteInfo = "Masonry-Test";
		};
		5C5B1AD11F9F1C29000DC2F4 /* PBXContainerItemProxy */ = {
			isa = PBXContainerItemProxy;
			containerPortal = 5C5B1AA51F9F1C28000DC2F4 /* Project object */;
			proxyType = 1;
			remoteGlobalIDString = 5C5B1AAC1F9F1C29000DC2F4;
			remoteInfo = "Masonry-Test";
		};
/* End PBXContainerItemProxy section */

/* Begin PBXFileReference section */
		4971D607AE52EAB436723EB8 /* Pods-Masonry-Test.release.xcconfig */ = {isa = PBXFileReference; includeInIndex = 1; lastKnownFileType = text.xcconfig; name = "Pods-Masonry-Test.release.xcconfig"; path = "Pods/Target Support Files/Pods-Masonry-Test/Pods-Masonry-Test.release.xcconfig"; sourceTree = "<group>"; };
		5C5B1AAD1F9F1C29000DC2F4 /* Masonry-Test.app */ = {isa = PBXFileReference; explicitFileType = wrapper.application; includeInIndex = 0; path = "Masonry-Test.app"; sourceTree = BUILT_PRODUCTS_DIR; };
		5C5B1AB91F9F1C29000DC2F4 /* Assets.xcassets */ = {isa = PBXFileReference; lastKnownFileType = folder.assetcatalog; path = Assets.xcassets; sourceTree = "<group>"; };
		5C5B1ABC1F9F1C29000DC2F4 /* Base */ = {isa = PBXFileReference; lastKnownFileType = file.storyboard; name = Base; path = Base.lproj/LaunchScreen.storyboard; sourceTree = "<group>"; };
		5C5B1ABE1F9F1C29000DC2F4 /* Info.plist */ = {isa = PBXFileReference; lastKnownFileType = text.plist.xml; path = Info.plist; sourceTree = "<group>"; };
		5C5B1ABF1F9F1C29000DC2F4 /* main.m */ = {isa = PBXFileReference; lastKnownFileType = sourcecode.c.objc; path = main.m; sourceTree = "<group>"; };
		5C5B1AC51F9F1C29000DC2F4 /* Masonry-TestTests.xctest */ = {isa = PBXFileReference; explicitFileType = wrapper.cfbundle; includeInIndex = 0; path = "Masonry-TestTests.xctest"; sourceTree = BUILT_PRODUCTS_DIR; };
		5C5B1AC91F9F1C29000DC2F4 /* Masonry_TestTests.m */ = {isa = PBXFileReference; lastKnownFileType = sourcecode.c.objc; path = Masonry_TestTests.m; sourceTree = "<group>"; };
		5C5B1ACB1F9F1C29000DC2F4 /* Info.plist */ = {isa = PBXFileReference; lastKnownFileType = text.plist.xml; path = Info.plist; sourceTree = "<group>"; };
		5C5B1AD01F9F1C29000DC2F4 /* Masonry-TestUITests.xctest */ = {isa = PBXFileReference; explicitFileType = wrapper.cfbundle; includeInIndex = 0; path = "Masonry-TestUITests.xctest"; sourceTree = BUILT_PRODUCTS_DIR; };
		5C5B1AD41F9F1C29000DC2F4 /* Masonry_TestUITests.m */ = {isa = PBXFileReference; lastKnownFileType = sourcecode.c.objc; path = Masonry_TestUITests.m; sourceTree = "<group>"; };
		5C5B1AD61F9F1C29000DC2F4 /* Info.plist */ = {isa = PBXFileReference; lastKnownFileType = text.plist.xml; path = Info.plist; sourceTree = "<group>"; };
		5C5B1AE31F9F2850000DC2F4 /* MASAppDelegate.h */ = {isa = PBXFileReference; lastKnownFileType = sourcecode.c.h; path = MASAppDelegate.h; sourceTree = "<group>"; };
		5C5B1AE41F9F2850000DC2F4 /* MASAppDelegate.m */ = {isa = PBXFileReference; lastKnownFileType = sourcecode.c.objc; path = MASAppDelegate.m; sourceTree = "<group>"; };
		5C5B1AE71F9F2A26000DC2F4 /* MASExampleListViewController.h */ = {isa = PBXFileReference; lastKnownFileType = sourcecode.c.h; path = MASExampleListViewController.h; sourceTree = "<group>"; };
		5C5B1AE81F9F2A26000DC2F4 /* MASExampleListViewController.m */ = {isa = PBXFileReference; lastKnownFileType = sourcecode.c.objc; path = MASExampleListViewController.m; sourceTree = "<group>"; };
		5CE17B571FA1843B007596B6 /* ZLMasonryPrefixHeader.pch */ = {isa = PBXFileReference; lastKnownFileType = sourcecode.c.h; path = ZLMasonryPrefixHeader.pch; sourceTree = "<group>"; };
		5CE17B581FA185A6007596B6 /* ZLExampleViewController.h */ = {isa = PBXFileReference; lastKnownFileType = sourcecode.c.h; path = ZLExampleViewController.h; sourceTree = "<group>"; };
		5CE17B591FA185A6007596B6 /* ZLExampleViewController.m */ = {isa = PBXFileReference; lastKnownFileType = sourcecode.c.objc; path = ZLExampleViewController.m; sourceTree = "<group>"; };
		5CE17B5C1FA19442007596B6 /* ZLBasicView.h */ = {isa = PBXFileReference; lastKnownFileType = sourcecode.c.h; path = ZLBasicView.h; sourceTree = "<group>"; };
		5CE17B5D1FA19442007596B6 /* ZLBasicView.m */ = {isa = PBXFileReference; lastKnownFileType = sourcecode.c.objc; path = ZLBasicView.m; sourceTree = "<group>"; };
		5CE17B5F1FA1945D007596B6 /* ZLUpdateConstraintsView.h */ = {isa = PBXFileReference; lastKnownFileType = sourcecode.c.h; path = ZLUpdateConstraintsView.h; sourceTree = "<group>"; };
		5CE17B601FA1945D007596B6 /* ZLUpdateConstraintsView.m */ = {isa = PBXFileReference; lastKnownFileType = sourcecode.c.objc; path = ZLUpdateConstraintsView.m; sourceTree = "<group>"; };
		5CE17B621FA194EC007596B6 /* ZLRemakeConstraints.h */ = {isa = PBXFileReference; lastKnownFileType = sourcecode.c.h; path = ZLRemakeConstraints.h; sourceTree = "<group>"; };
		5CE17B631FA194EC007596B6 /* ZLRemakeConstraints.m */ = {isa = PBXFileReference; lastKnownFileType = sourcecode.c.objc; path = ZLRemakeConstraints.m; sourceTree = "<group>"; };
		5CE17B651FA194F6007596B6 /* ZLUsingConstants.h */ = {isa = PBXFileReference; lastKnownFileType = sourcecode.c.h; path = ZLUsingConstants.h; sourceTree = "<group>"; };
		5CE17B661FA194F6007596B6 /* ZLUsingConstants.m */ = {isa = PBXFileReference; lastKnownFileType = sourcecode.c.objc; path = ZLUsingConstants.m; sourceTree = "<group>"; };
		5CE17B681FA194FE007596B6 /* ZLCompositeEdges.h */ = {isa = PBXFileReference; lastKnownFileType = sourcecode.c.h; path = ZLCompositeEdges.h; sourceTree = "<group>"; };
		5CE17B691FA194FE007596B6 /* ZLCompositeEdges.m */ = {isa = PBXFileReference; lastKnownFileType = sourcecode.c.objc; path = ZLCompositeEdges.m; sourceTree = "<group>"; };
		5CE17B6B1FA19505007596B6 /* ZLAspectFit.h */ = {isa = PBXFileReference; lastKnownFileType = sourcecode.c.h; path = ZLAspectFit.h; sourceTree = "<group>"; };
		5CE17B6C1FA19505007596B6 /* ZLAspectFit.m */ = {isa = PBXFileReference; lastKnownFileType = sourcecode.c.objc; path = ZLAspectFit.m; sourceTree = "<group>"; };
		5CE17B6E1FA1950D007596B6 /* ZLBasicAnimated.h */ = {isa = PBXFileReference; lastKnownFileType = sourcecode.c.h; path = ZLBasicAnimated.h; sourceTree = "<group>"; };
		5CE17B6F1FA1950D007596B6 /* ZLBasicAnimated.m */ = {isa = PBXFileReference; lastKnownFileType = sourcecode.c.objc; path = ZLBasicAnimated.m; sourceTree = "<group>"; };
		5CE17B711FA19513007596B6 /* ZLDebuggingHelpers.h */ = {isa = PBXFileReference; lastKnownFileType = sourcecode.c.h; path = ZLDebuggingHelpers.h; sourceTree = "<group>"; };
		5CE17B721FA19513007596B6 /* ZLDebuggingHelpers.m */ = {isa = PBXFileReference; lastKnownFileType = sourcecode.c.objc; path = ZLDebuggingHelpers.m; sourceTree = "<group>"; };
		5CE17B741FA1951A007596B6 /* ZLBaconyLabels.h */ = {isa = PBXFileReference; lastKnownFileType = sourcecode.c.h; path = ZLBaconyLabels.h; sourceTree = "<group>"; };
		5CE17B751FA1951A007596B6 /* ZLBaconyLabels.m */ = {isa = PBXFileReference; lastKnownFileType = sourcecode.c.objc; path = ZLBaconyLabels.m; sourceTree = "<group>"; };
		5CE17B771FA19526007596B6 /* ZLUIScrollView.h */ = {isa = PBXFileReference; lastKnownFileType = sourcecode.c.h; path = ZLUIScrollView.h; sourceTree = "<group>"; };
		5CE17B781FA19526007596B6 /* ZLUIScrollView.m */ = {isa = PBXFileReference; lastKnownFileType = sourcecode.c.objc; path = ZLUIScrollView.m; sourceTree = "<group>"; };
		5CE17B7A1FA1955A007596B6 /* ZLArray.h */ = {isa = PBXFileReference; lastKnownFileType = sourcecode.c.h; path = ZLArray.h; sourceTree = "<group>"; };
		5CE17B7B1FA1955A007596B6 /* ZLArray.m */ = {isa = PBXFileReference; lastKnownFileType = sourcecode.c.objc; path = ZLArray.m; sourceTree = "<group>"; };
		5CE17B7D1FA19568007596B6 /* ZLAttributeChaining.h */ = {isa = PBXFileReference; lastKnownFileType = sourcecode.c.h; path = ZLAttributeChaining.h; sourceTree = "<group>"; };
		5CE17B7E1FA19568007596B6 /* ZLAttributeChaining.m */ = {isa = PBXFileReference; lastKnownFileType = sourcecode.c.objc; path = ZLAttributeChaining.m; sourceTree = "<group>"; };
		5CE17B801FA19570007596B6 /* ZLMargins.h */ = {isa = PBXFileReference; lastKnownFileType = sourcecode.c.h; path = ZLMargins.h; sourceTree = "<group>"; };
		5CE17B811FA19570007596B6 /* ZLMargins.m */ = {isa = PBXFileReference; lastKnownFileType = sourcecode.c.objc; path = ZLMargins.m; sourceTree = "<group>"; };
		5CE17B831FA19576007596B6 /* ZLViewsDistribute.h */ = {isa = PBXFileReference; lastKnownFileType = sourcecode.c.h; path = ZLViewsDistribute.h; sourceTree = "<group>"; };
		5CE17B841FA19576007596B6 /* ZLViewsDistribute.m */ = {isa = PBXFileReference; lastKnownFileType = sourcecode.c.objc; path = ZLViewsDistribute.m; sourceTree = "<group>"; };
		CD05AACAA19D4252C2B76F52 /* Pods-Masonry-Test.debug.xcconfig */ = {isa = PBXFileReference; includeInIndex = 1; lastKnownFileType = text.xcconfig; name = "Pods-Masonry-Test.debug.xcconfig"; path = "Pods/Target Support Files/Pods-Masonry-Test/Pods-Masonry-Test.debug.xcconfig"; sourceTree = "<group>"; };
		F433093BBD5EAAB0656F0EE2 /* libPods-Masonry-Test.a */ = {isa = PBXFileReference; explicitFileType = archive.ar; includeInIndex = 0; path = "libPods-Masonry-Test.a"; sourceTree = BUILT_PRODUCTS_DIR; };
/* End PBXFileReference section */

/* Begin PBXFrameworksBuildPhase section */
		5C5B1AAA1F9F1C29000DC2F4 /* Frameworks */ = {
			isa = PBXFrameworksBuildPhase;
			buildActionMask = 2147483647;
			files = (
				9848065344C17B306EDC11A9 /* libPods-Masonry-Test.a in Frameworks */,
			);
			runOnlyForDeploymentPostprocessing = 0;
		};
		5C5B1AC21F9F1C29000DC2F4 /* Frameworks */ = {
			isa = PBXFrameworksBuildPhase;
			buildActionMask = 2147483647;
			files = (
			);
			runOnlyForDeploymentPostprocessing = 0;
		};
		5C5B1ACD1F9F1C29000DC2F4 /* Frameworks */ = {
			isa = PBXFrameworksBuildPhase;
			buildActionMask = 2147483647;
			files = (
			);
			runOnlyForDeploymentPostprocessing = 0;
		};
/* End PBXFrameworksBuildPhase section */

/* Begin PBXGroup section */
		5C5B1AA41F9F1C28000DC2F4 = {
			isa = PBXGroup;
			children = (
				5C5B1AAF1F9F1C29000DC2F4 /* Masonry-Test */,
				5C5B1AC81F9F1C29000DC2F4 /* Masonry-TestTests */,
				5C5B1AD31F9F1C29000DC2F4 /* Masonry-TestUITests */,
				5C5B1AAE1F9F1C29000DC2F4 /* Products */,
				8CFD95C96FCDA760B1EF85C3 /* Pods */,
				E0E439E481DAD267E0586DE2 /* Frameworks */,
			);
			sourceTree = "<group>";
		};
		5C5B1AAE1F9F1C29000DC2F4 /* Products */ = {
			isa = PBXGroup;
			children = (
				5C5B1AAD1F9F1C29000DC2F4 /* Masonry-Test.app */,
				5C5B1AC51F9F1C29000DC2F4 /* Masonry-TestTests.xctest */,
				5C5B1AD01F9F1C29000DC2F4 /* Masonry-TestUITests.xctest */,
			);
			name = Products;
			sourceTree = "<group>";
		};
		5C5B1AAF1F9F1C29000DC2F4 /* Masonry-Test */ = {
			isa = PBXGroup;
			children = (
				5CE17B571FA1843B007596B6 /* ZLMasonryPrefixHeader.pch */,
				5C5B1ABE1F9F1C29000DC2F4 /* Info.plist */,
				5C5B1AE31F9F2850000DC2F4 /* MASAppDelegate.h */,
				5C5B1AE41F9F2850000DC2F4 /* MASAppDelegate.m */,
				5C5B1AE61F9F29FE000DC2F4 /* Controllers */,
				5CE17B5B1FA19409007596B6 /* Views */,
				5C5B1AB91F9F1C29000DC2F4 /* Assets.xcassets */,
				5C5B1ABB1F9F1C29000DC2F4 /* LaunchScreen.storyboard */,
				5C5B1AE21F9F27E7000DC2F4 /* Supporting Files */,
			);
			path = "Masonry-Test";
			sourceTree = "<group>";
		};
		5C5B1AC81F9F1C29000DC2F4 /* Masonry-TestTests */ = {
			isa = PBXGroup;
			children = (
				5C5B1AC91F9F1C29000DC2F4 /* Masonry_TestTests.m */,
				5C5B1ACB1F9F1C29000DC2F4 /* Info.plist */,
			);
			path = "Masonry-TestTests";
			sourceTree = "<group>";
		};
		5C5B1AD31F9F1C29000DC2F4 /* Masonry-TestUITests */ = {
			isa = PBXGroup;
			children = (
				5C5B1AD41F9F1C29000DC2F4 /* Masonry_TestUITests.m */,
				5C5B1AD61F9F1C29000DC2F4 /* Info.plist */,
			);
			path = "Masonry-TestUITests";
			sourceTree = "<group>";
		};
		5C5B1AE21F9F27E7000DC2F4 /* Supporting Files */ = {
			isa = PBXGroup;
			children = (
				5C5B1ABF1F9F1C29000DC2F4 /* main.m */,
			);
			path = "Supporting Files";
			sourceTree = "<group>";
		};
		5C5B1AE61F9F29FE000DC2F4 /* Controllers */ = {
			isa = PBXGroup;
			children = (
				5C5B1AE71F9F2A26000DC2F4 /* MASExampleListViewController.h */,
				5C5B1AE81F9F2A26000DC2F4 /* MASExampleListViewController.m */,
				5CE17B581FA185A6007596B6 /* ZLExampleViewController.h */,
				5CE17B591FA185A6007596B6 /* ZLExampleViewController.m */,
			);
			path = Controllers;
			sourceTree = "<group>";
		};
		5CE17B5B1FA19409007596B6 /* Views */ = {
			isa = PBXGroup;
			children = (
				5CE17B5C1FA19442007596B6 /* ZLBasicView.h */,
				5CE17B5D1FA19442007596B6 /* ZLBasicView.m */,
				5CE17B5F1FA1945D007596B6 /* ZLUpdateConstraintsView.h */,
				5CE17B601FA1945D007596B6 /* ZLUpdateConstraintsView.m */,
				5CE17B621FA194EC007596B6 /* ZLRemakeConstraints.h */,
				5CE17B631FA194EC007596B6 /* ZLRemakeConstraints.m */,
				5CE17B651FA194F6007596B6 /* ZLUsingConstants.h */,
				5CE17B661FA194F6007596B6 /* ZLUsingConstants.m */,
				5CE17B681FA194FE007596B6 /* ZLCompositeEdges.h */,
				5CE17B691FA194FE007596B6 /* ZLCompositeEdges.m */,
				5CE17B6B1FA19505007596B6 /* ZLAspectFit.h */,
				5CE17B6C1FA19505007596B6 /* ZLAspectFit.m */,
				5CE17B6E1FA1950D007596B6 /* ZLBasicAnimated.h */,
				5CE17B6F1FA1950D007596B6 /* ZLBasicAnimated.m */,
				5CE17B711FA19513007596B6 /* ZLDebuggingHelpers.h */,
				5CE17B721FA19513007596B6 /* ZLDebuggingHelpers.m */,
				5CE17B741FA1951A007596B6 /* ZLBaconyLabels.h */,
				5CE17B751FA1951A007596B6 /* ZLBaconyLabels.m */,
				5CE17B771FA19526007596B6 /* ZLUIScrollView.h */,
				5CE17B781FA19526007596B6 /* ZLUIScrollView.m */,
				5CE17B7A1FA1955A007596B6 /* ZLArray.h */,
				5CE17B7B1FA1955A007596B6 /* ZLArray.m */,
				5CE17B7D1FA19568007596B6 /* ZLAttributeChaining.h */,
				5CE17B7E1FA19568007596B6 /* ZLAttributeChaining.m */,
				5CE17B801FA19570007596B6 /* ZLMargins.h */,
				5CE17B811FA19570007596B6 /* ZLMargins.m */,
				5CE17B831FA19576007596B6 /* ZLViewsDistribute.h */,
				5CE17B841FA19576007596B6 /* ZLViewsDistribute.m */,
			);
			path = Views;
			sourceTree = "<group>";
		};
		8CFD95C96FCDA760B1EF85C3 /* Pods */ = {
			isa = PBXGroup;
			children = (
				CD05AACAA19D4252C2B76F52 /* Pods-Masonry-Test.debug.xcconfig */,
				4971D607AE52EAB436723EB8 /* Pods-Masonry-Test.release.xcconfig */,
			);
			name = Pods;
			sourceTree = "<group>";
		};
		E0E439E481DAD267E0586DE2 /* Frameworks */ = {
			isa = PBXGroup;
			children = (
				F433093BBD5EAAB0656F0EE2 /* libPods-Masonry-Test.a */,
			);
			name = Frameworks;
			sourceTree = "<group>";
		};
/* End PBXGroup section */

/* Begin PBXNativeTarget section */
		5C5B1AAC1F9F1C29000DC2F4 /* Masonry-Test */ = {
			isa = PBXNativeTarget;
			buildConfigurationList = 5C5B1AD91F9F1C29000DC2F4 /* Build configuration list for PBXNativeTarget "Masonry-Test" */;
			buildPhases = (
				64DB974E082AF8806871526B /* [CP] Check Pods Manifest.lock */,
				5C5B1AA91F9F1C29000DC2F4 /* Sources */,
				5C5B1AAA1F9F1C29000DC2F4 /* Frameworks */,
				5C5B1AAB1F9F1C29000DC2F4 /* Resources */,
				2A214640CF7AE19FDE9BAD8D /* [CP] Embed Pods Frameworks */,
				85589BE0ACCF37F614A7B6CD /* [CP] Copy Pods Resources */,
			);
			buildRules = (
			);
			dependencies = (
			);
			name = "Masonry-Test";
			productName = "Masonry-Test";
			productReference = 5C5B1AAD1F9F1C29000DC2F4 /* Masonry-Test.app */;
			productType = "com.apple.product-type.application";
		};
		5C5B1AC41F9F1C29000DC2F4 /* Masonry-TestTests */ = {
			isa = PBXNativeTarget;
			buildConfigurationList = 5C5B1ADC1F9F1C29000DC2F4 /* Build configuration list for PBXNativeTarget "Masonry-TestTests" */;
			buildPhases = (
				5C5B1AC11F9F1C29000DC2F4 /* Sources */,
				5C5B1AC21F9F1C29000DC2F4 /* Frameworks */,
				5C5B1AC31F9F1C29000DC2F4 /* Resources */,
			);
			buildRules = (
			);
			dependencies = (
				5C5B1AC71F9F1C29000DC2F4 /* PBXTargetDependency */,
			);
			name = "Masonry-TestTests";
			productName = "Masonry-TestTests";
			productReference = 5C5B1AC51F9F1C29000DC2F4 /* Masonry-TestTests.xctest */;
			productType = "com.apple.product-type.bundle.unit-test";
		};
		5C5B1ACF1F9F1C29000DC2F4 /* Masonry-TestUITests */ = {
			isa = PBXNativeTarget;
			buildConfigurationList = 5C5B1ADF1F9F1C29000DC2F4 /* Build configuration list for PBXNativeTarget "Masonry-TestUITests" */;
			buildPhases = (
				5C5B1ACC1F9F1C29000DC2F4 /* Sources */,
				5C5B1ACD1F9F1C29000DC2F4 /* Frameworks */,
				5C5B1ACE1F9F1C29000DC2F4 /* Resources */,
			);
			buildRules = (
			);
			dependencies = (
				5C5B1AD21F9F1C29000DC2F4 /* PBXTargetDependency */,
			);
			name = "Masonry-TestUITests";
			productName = "Masonry-TestUITests";
			productReference = 5C5B1AD01F9F1C29000DC2F4 /* Masonry-TestUITests.xctest */;
			productType = "com.apple.product-type.bundle.ui-testing";
		};
/* End PBXNativeTarget section */

/* Begin PBXProject section */
		5C5B1AA51F9F1C28000DC2F4 /* Project object */ = {
			isa = PBXProject;
			attributes = {
				LastUpgradeCheck = 0900;
				ORGANIZATIONNAME = yuntong;
				TargetAttributes = {
					5C5B1AAC1F9F1C29000DC2F4 = {
						CreatedOnToolsVersion = 9.0.1;
						ProvisioningStyle = Automatic;
					};
					5C5B1AC41F9F1C29000DC2F4 = {
						CreatedOnToolsVersion = 9.0.1;
						ProvisioningStyle = Automatic;
						TestTargetID = 5C5B1AAC1F9F1C29000DC2F4;
					};
					5C5B1ACF1F9F1C29000DC2F4 = {
						CreatedOnToolsVersion = 9.0.1;
						ProvisioningStyle = Automatic;
						TestTargetID = 5C5B1AAC1F9F1C29000DC2F4;
					};
				};
			};
			buildConfigurationList = 5C5B1AA81F9F1C28000DC2F4 /* Build configuration list for PBXProject "Masonry-Test" */;
			compatibilityVersion = "Xcode 8.0";
			developmentRegion = en;
			hasScannedForEncodings = 0;
			knownRegions = (
				en,
				Base,
			);
			mainGroup = 5C5B1AA41F9F1C28000DC2F4;
			productRefGroup = 5C5B1AAE1F9F1C29000DC2F4 /* Products */;
			projectDirPath = "";
			projectRoot = "";
			targets = (
				5C5B1AAC1F9F1C29000DC2F4 /* Masonry-Test */,
				5C5B1AC41F9F1C29000DC2F4 /* Masonry-TestTests */,
				5C5B1ACF1F9F1C29000DC2F4 /* Masonry-TestUITests */,
			);
		};
/* End PBXProject section */

/* Begin PBXResourcesBuildPhase section */
		5C5B1AAB1F9F1C29000DC2F4 /* Resources */ = {
			isa = PBXResourcesBuildPhase;
			buildActionMask = 2147483647;
			files = (
				5C5B1ABD1F9F1C29000DC2F4 /* LaunchScreen.storyboard in Resources */,
				5C5B1ABA1F9F1C29000DC2F4 /* Assets.xcassets in Resources */,
			);
			runOnlyForDeploymentPostprocessing = 0;
		};
		5C5B1AC31F9F1C29000DC2F4 /* Resources */ = {
			isa = PBXResourcesBuildPhase;
			buildActionMask = 2147483647;
			files = (
			);
			runOnlyForDeploymentPostprocessing = 0;
		};
		5C5B1ACE1F9F1C29000DC2F4 /* Resources */ = {
			isa = PBXResourcesBuildPhase;
			buildActionMask = 2147483647;
			files = (
			);
			runOnlyForDeploymentPostprocessing = 0;
		};
/* End PBXResourcesBuildPhase section */

/* Begin PBXShellScriptBuildPhase section */
		2A214640CF7AE19FDE9BAD8D /* [CP] Embed Pods Frameworks */ = {
			isa = PBXShellScriptBuildPhase;
			buildActionMask = 2147483647;
			files = (
			);
			inputPaths = (
			);
			name = "[CP] Embed Pods Frameworks";
			outputPaths = (
			);
			runOnlyForDeploymentPostprocessing = 0;
			shellPath = /bin/sh;
			shellScript = "\"${SRCROOT}/Pods/Target Support Files/Pods-Masonry-Test/Pods-Masonry-Test-frameworks.sh\"\n";
			showEnvVarsInLog = 0;
		};
		64DB974E082AF8806871526B /* [CP] Check Pods Manifest.lock */ = {
			isa = PBXShellScriptBuildPhase;
			buildActionMask = 2147483647;
			files = (
			);
			inputPaths = (
			);
			name = "[CP] Check Pods Manifest.lock";
			outputPaths = (
			);
			runOnlyForDeploymentPostprocessing = 0;
			shellPath = /bin/sh;
			shellScript = "diff \"${PODS_ROOT}/../Podfile.lock\" \"${PODS_ROOT}/Manifest.lock\" > /dev/null\nif [ $? != 0 ] ; then\n    # print error to STDERR\n    echo \"error: The sandbox is not in sync with the Podfile.lock. Run 'pod install' or update your CocoaPods installation.\" >&2\n    exit 1\nfi\n";
			showEnvVarsInLog = 0;
		};
		85589BE0ACCF37F614A7B6CD /* [CP] Copy Pods Resources */ = {
			isa = PBXShellScriptBuildPhase;
			buildActionMask = 2147483647;
			files = (
			);
			inputPaths = (
			);
			name = "[CP] Copy Pods Resources";
			outputPaths = (
			);
			runOnlyForDeploymentPostprocessing = 0;
			shellPath = /bin/sh;
			shellScript = "\"${SRCROOT}/Pods/Target Support Files/Pods-Masonry-Test/Pods-Masonry-Test-resources.sh\"\n";
			showEnvVarsInLog = 0;
		};
/* End PBXShellScriptBuildPhase section */

/* Begin PBXSourcesBuildPhase section */
		5C5B1AA91F9F1C29000DC2F4 /* Sources */ = {
			isa = PBXSourcesBuildPhase;
			buildActionMask = 2147483647;
			files = (
				5CE17B701FA1950D007596B6 /* ZLBasicAnimated.m in Sources */,
				5C5B1AE91F9F2A26000DC2F4 /* MASExampleListViewController.m in Sources */,
				5CE17B5E1FA19442007596B6 /* ZLBasicView.m in Sources */,
				5CE17B851FA19576007596B6 /* ZLViewsDistribute.m in Sources */,
				5CE17B7C1FA1955A007596B6 /* ZLArray.m in Sources */,
				5CE17B821FA19570007596B6 /* ZLMargins.m in Sources */,
				5CE17B791FA19526007596B6 /* ZLUIScrollView.m in Sources */,
				5CE17B611FA1945D007596B6 /* ZLUpdateConstraintsView.m in Sources */,
				5CE17B731FA19513007596B6 /* ZLDebuggingHelpers.m in Sources */,
				5CE17B5A1FA185A6007596B6 /* ZLExampleViewController.m in Sources */,
				5C5B1AE51F9F2850000DC2F4 /* MASAppDelegate.m in Sources */,
				5CE17B641FA194EC007596B6 /* ZLRemakeConstraints.m in Sources */,
				5CE17B761FA1951A007596B6 /* ZLBaconyLabels.m in Sources */,
				5CE17B7F1FA19568007596B6 /* ZLAttributeChaining.m in Sources */,
				5CE17B671FA194F6007596B6 /* ZLUsingConstants.m in Sources */,
				5CE17B6A1FA194FE007596B6 /* ZLCompositeEdges.m in Sources */,
				5C5B1AC01F9F1C29000DC2F4 /* main.m in Sources */,
				5CE17B6D1FA19505007596B6 /* ZLAspectFit.m in Sources */,
			);
			runOnlyForDeploymentPostprocessing = 0;
		};
		5C5B1AC11F9F1C29000DC2F4 /* Sources */ = {
			isa = PBXSourcesBuildPhase;
			buildActionMask = 2147483647;
			files = (
				5C5B1ACA1F9F1C29000DC2F4 /* Masonry_TestTests.m in Sources */,
			);
			runOnlyForDeploymentPostprocessing = 0;
		};
		5C5B1ACC1F9F1C29000DC2F4 /* Sources */ = {
			isa = PBXSourcesBuildPhase;
			buildActionMask = 2147483647;
			files = (
				5C5B1AD51F9F1C29000DC2F4 /* Masonry_TestUITests.m in Sources */,
			);
			runOnlyForDeploymentPostprocessing = 0;
		};
/* End PBXSourcesBuildPhase section */

/* Begin PBXTargetDependency section */
		5C5B1AC71F9F1C29000DC2F4 /* PBXTargetDependency */ = {
			isa = PBXTargetDependency;
			target = 5C5B1AAC1F9F1C29000DC2F4 /* Masonry-Test */;
			targetProxy = 5C5B1AC61F9F1C29000DC2F4 /* PBXContainerItemProxy */;
		};
		5C5B1AD21F9F1C29000DC2F4 /* PBXTargetDependency */ = {
			isa = PBXTargetDependency;
			target = 5C5B1AAC1F9F1C29000DC2F4 /* Masonry-Test */;
			targetProxy = 5C5B1AD11F9F1C29000DC2F4 /* PBXContainerItemProxy */;
		};
/* End PBXTargetDependency section */

/* Begin PBXVariantGroup section */
		5C5B1ABB1F9F1C29000DC2F4 /* LaunchScreen.storyboard */ = {
			isa = PBXVariantGroup;
			children = (
				5C5B1ABC1F9F1C29000DC2F4 /* Base */,
			);
			name = LaunchScreen.storyboard;
			sourceTree = "<group>";
		};
/* End PBXVariantGroup section */

/* Begin XCBuildConfiguration section */
		5C5B1AD71F9F1C29000DC2F4 /* Debug */ = {
			isa = XCBuildConfiguration;
			buildSettings = {
				ALWAYS_SEARCH_USER_PATHS = NO;
				CLANG_ANALYZER_NONNULL = YES;
				CLANG_ANALYZER_NUMBER_OBJECT_CONVERSION = YES_AGGRESSIVE;
				CLANG_CXX_LANGUAGE_STANDARD = "gnu++14";
				CLANG_CXX_LIBRARY = "libc++";
				CLANG_ENABLE_MODULES = YES;
				CLANG_ENABLE_OBJC_ARC = YES;
				CLANG_WARN_BLOCK_CAPTURE_AUTORELEASING = YES;
				CLANG_WARN_BOOL_CONVERSION = YES;
				CLANG_WARN_COMMA = YES;
				CLANG_WARN_CONSTANT_CONVERSION = YES;
				CLANG_WARN_DIRECT_OBJC_ISA_USAGE = YES_ERROR;
				CLANG_WARN_DOCUMENTATION_COMMENTS = YES;
				CLANG_WARN_EMPTY_BODY = YES;
				CLANG_WARN_ENUM_CONVERSION = YES;
				CLANG_WARN_INFINITE_RECURSION = YES;
				CLANG_WARN_INT_CONVERSION = YES;
				CLANG_WARN_NON_LITERAL_NULL_CONVERSION = YES;
				CLANG_WARN_OBJC_LITERAL_CONVERSION = YES;
				CLANG_WARN_OBJC_ROOT_CLASS = YES_ERROR;
				CLANG_WARN_RANGE_LOOP_ANALYSIS = YES;
				CLANG_WARN_STRICT_PROTOTYPES = YES;
				CLANG_WARN_SUSPICIOUS_MOVE = YES;
				CLANG_WARN_UNGUARDED_AVAILABILITY = YES_AGGRESSIVE;
				CLANG_WARN_UNREACHABLE_CODE = YES;
				CLANG_WARN__DUPLICATE_METHOD_MATCH = YES;
				CODE_SIGN_IDENTITY = "iPhone Developer";
				COPY_PHASE_STRIP = NO;
				DEBUG_INFORMATION_FORMAT = dwarf;
				ENABLE_STRICT_OBJC_MSGSEND = YES;
				ENABLE_TESTABILITY = YES;
				GCC_C_LANGUAGE_STANDARD = gnu11;
				GCC_DYNAMIC_NO_PIC = NO;
				GCC_NO_COMMON_BLOCKS = YES;
				GCC_OPTIMIZATION_LEVEL = 0;
				GCC_PREPROCESSOR_DEFINITIONS = (
					"DEBUG=1",
					"$(inherited)",
				);
				GCC_WARN_64_TO_32_BIT_CONVERSION = YES;
				GCC_WARN_ABOUT_RETURN_TYPE = YES_ERROR;
				GCC_WARN_UNDECLARED_SELECTOR = YES;
				GCC_WARN_UNINITIALIZED_AUTOS = YES_AGGRESSIVE;
				GCC_WARN_UNUSED_FUNCTION = YES;
				GCC_WARN_UNUSED_VARIABLE = YES;
				IPHONEOS_DEPLOYMENT_TARGET = 11.0;
				MTL_ENABLE_DEBUG_INFO = YES;
				ONLY_ACTIVE_ARCH = YES;
				SDKROOT = iphoneos;
			};
			name = Debug;
		};
		5C5B1AD81F9F1C29000DC2F4 /* Release */ = {
			isa = XCBuildConfiguration;
			buildSettings = {
				ALWAYS_SEARCH_USER_PATHS = NO;
				CLANG_ANALYZER_NONNULL = YES;
				CLANG_ANALYZER_NUMBER_OBJECT_CONVERSION = YES_AGGRESSIVE;
				CLANG_CXX_LANGUAGE_STANDARD = "gnu++14";
				CLANG_CXX_LIBRARY = "libc++";
				CLANG_ENABLE_MODULES = YES;
				CLANG_ENABLE_OBJC_ARC = YES;
				CLANG_WARN_BLOCK_CAPTURE_AUTORELEASING = YES;
				CLANG_WARN_BOOL_CONVERSION = YES;
				CLANG_WARN_COMMA = YES;
				CLANG_WARN_CONSTANT_CONVERSION = YES;
				CLANG_WARN_DIRECT_OBJC_ISA_USAGE = YES_ERROR;
				CLANG_WARN_DOCUMENTATION_COMMENTS = YES;
				CLANG_WARN_EMPTY_BODY = YES;
				CLANG_WARN_ENUM_CONVERSION = YES;
				CLANG_WARN_INFINITE_RECURSION = YES;
				CLANG_WARN_INT_CONVERSION = YES;
				CLANG_WARN_NON_LITERAL_NULL_CONVERSION = YES;
				CLANG_WARN_OBJC_LITERAL_CONVERSION = YES;
				CLANG_WARN_OBJC_ROOT_CLASS = YES_ERROR;
				CLANG_WARN_RANGE_LOOP_ANALYSIS = YES;
				CLANG_WARN_STRICT_PROTOTYPES = YES;
				CLANG_WARN_SUSPICIOUS_MOVE = YES;
				CLANG_WARN_UNGUARDED_AVAILABILITY = YES_AGGRESSIVE;
				CLANG_WARN_UNREACHABLE_CODE = YES;
				CLANG_WARN__DUPLICATE_METHOD_MATCH = YES;
				CODE_SIGN_IDENTITY = "iPhone Developer";
				COPY_PHASE_STRIP = NO;
				DEBUG_INFORMATION_FORMAT = "dwarf-with-dsym";
				ENABLE_NS_ASSERTIONS = NO;
				ENABLE_STRICT_OBJC_MSGSEND = YES;
				GCC_C_LANGUAGE_STANDARD = gnu11;
				GCC_NO_COMMON_BLOCKS = YES;
				GCC_WARN_64_TO_32_BIT_CONVERSION = YES;
				GCC_WARN_ABOUT_RETURN_TYPE = YES_ERROR;
				GCC_WARN_UNDECLARED_SELECTOR = YES;
				GCC_WARN_UNINITIALIZED_AUTOS = YES_AGGRESSIVE;
				GCC_WARN_UNUSED_FUNCTION = YES;
				GCC_WARN_UNUSED_VARIABLE = YES;
				IPHONEOS_DEPLOYMENT_TARGET = 11.0;
				MTL_ENABLE_DEBUG_INFO = NO;
				SDKROOT = iphoneos;
				VALIDATE_PRODUCT = YES;
			};
			name = Release;
		};
		5C5B1ADA1F9F1C29000DC2F4 /* Debug */ = {
			isa = XCBuildConfiguration;
			baseConfigurationReference = CD05AACAA19D4252C2B76F52 /* Pods-Masonry-Test.debug.xcconfig */;
			buildSettings = {
				ASSETCATALOG_COMPILER_APPICON_NAME = AppIcon;
				CODE_SIGN_STYLE = Automatic;
				DEVELOPMENT_TEAM = P956ZH87BE;
				GCC_PRECOMPILE_PREFIX_HEADER = YES;
				GCC_PREFIX_HEADER = "Masonry-Test/ZLMasonryPrefixHeader.pch";
				INFOPLIST_FILE = "Masonry-Test/Info.plist";
				IPHONEOS_DEPLOYMENT_TARGET = 10.0;
				LD_RUNPATH_SEARCH_PATHS = "$(inherited) @executable_path/Frameworks";
				PRODUCT_BUNDLE_IDENTIFIER = "com.cctech.runderful.Masonry-Test";
				PRODUCT_NAME = "$(TARGET_NAME)";
				TARGETED_DEVICE_FAMILY = "1,2";
			};
			name = Debug;
		};
		5C5B1ADB1F9F1C29000DC2F4 /* Release */ = {
			isa = XCBuildConfiguration;
			baseConfigurationReference = 4971D607AE52EAB436723EB8 /* Pods-Masonry-Test.release.xcconfig */;
			buildSettings = {
				ASSETCATALOG_COMPILER_APPICON_NAME = AppIcon;
				CODE_SIGN_STYLE = Automatic;
				DEVELOPMENT_TEAM = P956ZH87BE;
				GCC_PRECOMPILE_PREFIX_HEADER = YES;
				GCC_PREFIX_HEADER = "Masonry-Test/ZLMasonryPrefixHeader.pch";
				INFOPLIST_FILE = "Masonry-Test/Info.plist";
				IPHONEOS_DEPLOYMENT_TARGET = 10.0;
				LD_RUNPATH_SEARCH_PATHS = "$(inherited) @executable_path/Frameworks";
				PRODUCT_BUNDLE_IDENTIFIER = "com.cctech.runderful.Masonry-Test";
				PRODUCT_NAME = "$(TARGET_NAME)";
				TARGETED_DEVICE_FAMILY = "1,2";
			};
			name = Release;
		};
		5C5B1ADD1F9F1C29000DC2F4 /* Debug */ = {
			isa = XCBuildConfiguration;
			buildSettings = {
				BUNDLE_LOADER = "$(TEST_HOST)";
				CODE_SIGN_STYLE = Automatic;
				DEVELOPMENT_TEAM = P956ZH87BE;
				INFOPLIST_FILE = "Masonry-TestTests/Info.plist";
				LD_RUNPATH_SEARCH_PATHS = "$(inherited) @executable_path/Frameworks @loader_path/Frameworks";
				PRODUCT_BUNDLE_IDENTIFIER = "com.cctech.runderful.Masonry-TestTests";
				PRODUCT_NAME = "$(TARGET_NAME)";
				TARGETED_DEVICE_FAMILY = "1,2";
				TEST_HOST = "$(BUILT_PRODUCTS_DIR)/Masonry-Test.app/Masonry-Test";
			};
			name = Debug;
		};
		5C5B1ADE1F9F1C29000DC2F4 /* Release */ = {
			isa = XCBuildConfiguration;
			buildSettings = {
				BUNDLE_LOADER = "$(TEST_HOST)";
				CODE_SIGN_STYLE = Automatic;
				DEVELOPMENT_TEAM = P956ZH87BE;
				INFOPLIST_FILE = "Masonry-TestTests/Info.plist";
				LD_RUNPATH_SEARCH_PATHS = "$(inherited) @executable_path/Frameworks @loader_path/Frameworks";
				PRODUCT_BUNDLE_IDENTIFIER = "com.cctech.runderful.Masonry-TestTests";
				PRODUCT_NAME = "$(TARGET_NAME)";
				TARGETED_DEVICE_FAMILY = "1,2";
				TEST_HOST = "$(BUILT_PRODUCTS_DIR)/Masonry-Test.app/Masonry-Test";
			};
			name = Release;
		};
		5C5B1AE01F9F1C29000DC2F4 /* Debug */ = {
			isa = XCBuildConfiguration;
			buildSettings = {
				CODE_SIGN_STYLE = Automatic;
				DEVELOPMENT_TEAM = P956ZH87BE;
				INFOPLIST_FILE = "Masonry-TestUITests/Info.plist";
				LD_RUNPATH_SEARCH_PATHS = "$(inherited) @executable_path/Frameworks @loader_path/Frameworks";
				PRODUCT_BUNDLE_IDENTIFIER = "com.cctech.runderful.Masonry-TestUITests";
				PRODUCT_NAME = "$(TARGET_NAME)";
				TARGETED_DEVICE_FAMILY = "1,2";
				TEST_TARGET_NAME = "Masonry-Test";
			};
			name = Debug;
		};
		5C5B1AE11F9F1C29000DC2F4 /* Release */ = {
			isa = XCBuildConfiguration;
			buildSettings = {
				CODE_SIGN_STYLE = Automatic;
				DEVELOPMENT_TEAM = P956ZH87BE;
				INFOPLIST_FILE = "Masonry-TestUITests/Info.plist";
				LD_RUNPATH_SEARCH_PATHS = "$(inherited) @executable_path/Frameworks @loader_path/Frameworks";
				PRODUCT_BUNDLE_IDENTIFIER = "com.cctech.runderful.Masonry-TestUITests";
				PRODUCT_NAME = "$(TARGET_NAME)";
				TARGETED_DEVICE_FAMILY = "1,2";
				TEST_TARGET_NAME = "Masonry-Test";
			};
			name = Release;
		};
/* End XCBuildConfiguration section */

/* Begin XCConfigurationList section */
		5C5B1AA81F9F1C28000DC2F4 /* Build configuration list for PBXProject "Masonry-Test" */ = {
			isa = XCConfigurationList;
			buildConfigurations = (
				5C5B1AD71F9F1C29000DC2F4 /* Debug */,
				5C5B1AD81F9F1C29000DC2F4 /* Release */,
			);
			defaultConfigurationIsVisible = 0;
			defaultConfigurationName = Release;
		};
		5C5B1AD91F9F1C29000DC2F4 /* Build configuration list for PBXNativeTarget "Masonry-Test" */ = {
			isa = XCConfigurationList;
			buildConfigurations = (
				5C5B1ADA1F9F1C29000DC2F4 /* Debug */,
				5C5B1ADB1F9F1C29000DC2F4 /* Release */,
			);
			defaultConfigurationIsVisible = 0;
			defaultConfigurationName = Release;
		};
		5C5B1ADC1F9F1C29000DC2F4 /* Build configuration list for PBXNativeTarget "Masonry-TestTests" */ = {
			isa = XCConfigurationList;
			buildConfigurations = (
				5C5B1ADD1F9F1C29000DC2F4 /* Debug */,
				5C5B1ADE1F9F1C29000DC2F4 /* Release */,
			);
			defaultConfigurationIsVisible = 0;
			defaultConfigurationName = Release;
		};
		5C5B1ADF1F9F1C29000DC2F4 /* Build configuration list for PBXNativeTarget "Masonry-TestUITests" */ = {
			isa = XCConfigurationList;
			buildConfigurations = (
				5C5B1AE01F9F1C29000DC2F4 /* Debug */,
				5C5B1AE11F9F1C29000DC2F4 /* Release */,
			);
			defaultConfigurationIsVisible = 0;
			defaultConfigurationName = Release;
		};
/* End XCConfigurationList section */
	};
	rootObject = 5C5B1AA51F9F1C28000DC2F4 /* Project object */;
}
